
Microsoft Visual Studio Solution File, Format Version 12.00
# Visual Studio Version 17
VisualStudioVersion = 17.1.32210.238
MinimumVisualStudioVersion = 10.0.40219.1
Project("{FAE04EC0-301F-11D3-BF4B-00C04F79EFBC}") = "MinttiSDK", "MinttiSDK\MinttiSDK.csproj", "{A17D114A-8021-4416-ADEB-24B282FB97F1}"
EndProject
Global
	GlobalSection(SolutionConfigurationPlatforms) = preSolution
		Debug|Any CPU = Debug|Any CPU
		Debug|x64 = Debug|x64
		Release|Any CPU = Release|Any CPU
		Release|x64 = Release|x64
	EndGlobalSection
	GlobalSection(ProjectConfigurationPlatforms) = postSolution
		{A17D114A-8021-4416-ADEB-24B282FB97F1}.Debug|Any CPU.ActiveCfg = Debug|Any CPU
		{A17D114A-8021-4416-ADEB-24B282FB97F1}.Debug|Any CPU.Build.0 = Debug|Any CPU
		{A17D114A-8021-4416-ADEB-24B282FB97F1}.Debug|x64.ActiveCfg = Debug|x64
		{A17D114A-8021-4416-ADEB-24B282FB97F1}.Debug|x64.Build.0 = Debug|x64
		{A17D114A-8021-4416-ADEB-24B282FB97F1}.Release|Any CPU.ActiveCfg = Release|Any CPU
		{A17D114A-8021-4416-ADEB-24B282FB97F1}.Release|Any CPU.Build.0 = Release|Any CPU
		{A17D114A-8021-4416-ADEB-24B282FB97F1}.Release|x64.ActiveCfg = Release|x64
		{A17D114A-8021-4416-ADEB-24B282FB97F1}.Release|x64.Build.0 = Release|x64
	EndGlobalSection
	GlobalSection(SolutionProperties) = preSolution
		HideSolutionNode = FALSE
	EndGlobalSection
	GlobalSection(ExtensibilityGlobals) = postSolution
		SolutionGuid = {534CF4FF-222E-415E-B006-4CB38CAEB133}
	EndGlobalSection
EndGlobal
